{
  "name": "release_notificator",
  "version": "1.0.0",
  "lockfileVersion": 1,
  "requires": true,
  "dependencies": {
    "line-reader": {
      "version": "0.4.0",
      "resolved": "https://registry.npmjs.org/line-reader/-/line-reader-0.4.0.tgz",
      "integrity": "sha1-F+RIGNoKwzVnW6MAlU+U72cOZv0="
    },
    "nodejs-nodemailer-outlook": {
      "version": "1.2.3",
      "resolved": "https://registry.npmjs.org/nodejs-nodemailer-outlook/-/nodejs-nodemailer-outlook-1.2.3.tgz",
      "integrity": "sha512-qSRBM95Q/JI529z8by2nDSOUNU3B1UkqXjZq6PM6/6Le1/ghEeQK3Wx2Gm6/LHnSPPqtqE88EbTMWC/Mx+qmew==",
      "requires": {
        "nodemailer": "^4.4.1"
      }
    },
    "nodemailer": {
      "version": "4.7.0",
      "resolved": "https://registry.npmjs.org/nodemailer/-/nodemailer-4.7.0.tgz",
      "integrity": "sha512-IludxDypFpYw4xpzKdMAozBSkzKHmNBvGanUREjJItgJ2NYcK/s8+PggVhj7c2yGFQykKsnnmv1+Aqo0ZfjHmw=="
    },
    "readline": {
      "version": "1.3.0",
      "resolved": "https://registry.npmjs.org/readline/-/readline-1.3.0.tgz",
      "integrity": "sha1-xYDXfvLPyHUrEySYBg3JeTp6wBw="
    }
  }
}
